// !$*UTF8*$!
{
	archiveVersion = 1;
	classes = {
	};
	objectVersion = 77;
	objects = {

/* Begin PBXContainerItemProxy section */
		060D14DE2E1C7DD000B2A8F2 /* PBXContainerItemProxy */ = {
			isa = PBXContainerItemProxy;
			containerPortal = 060D14C82E1C7DCF00B2A8F2 /* Project object */;
			proxyType = 1;
			remoteGlobalIDString = 060D14CF2E1C7DCF00B2A8F2;
			remoteInfo = ChargyMobileApp.iOS;
		};
		060D14E82E1C7DD000B2A8F2 /* PBXContainerItemProxy */ = {
			isa = PBXContainerItemProxy;
			containerPortal = 060D14C82E1C7DCF00B2A8F2 /* Project object */;
			proxyType = 1;
			remoteGlobalIDString = 060D14CF2E1C7DCF00B2A8F2;
			remoteInfo = ChargyMobileApp.iOS;
		};
/* End PBXContainerItemProxy section */

/* Begin PBXFileReference section */
		060D14D02E1C7DCF00B2A8F2 /* ChargyMobileApp.iOS.app */ = {isa = PBXFileReference; explicitFileType = wrapper.application; includeInIndex = 0; path = ChargyMobileApp.iOS.app; sourceTree = BUILT_PRODUCTS_DIR; };
		060D14DD2E1C7DD000B2A8F2 /* ChargyMobileApp.iOSTests.xctest */ = {isa = PBXFileReference; explicitFileType = wrapper.cfbundle; includeInIndex = 0; path = ChargyMobileApp.iOSTests.xctest; sourceTree = BUILT_PRODUCTS_DIR; };
		060D14E72E1C7DD000B2A8F2 /* ChargyMobileApp.iOSUITests.xctest */ = {isa = PBXFileReference; explicitFileType = wrapper.cfbundle; includeInIndex = 0; path = ChargyMobileApp.iOSUITests.xctest; sourceTree = BUILT_PRODUCTS_DIR; };
/* End PBXFileReference section */

/* Begin PBXFileSystemSynchronizedRootGroup section */
		060D14D22E1C7DCF00B2A8F2 /* ChargyMobileApp.iOS */ = {
			isa = PBXFileSystemSynchronizedRootGroup;
			path = ChargyMobileApp.iOS;
			sourceTree = "<group>";
		};
		060D14E02E1C7DD000B2A8F2 /* ChargyMobileApp.iOSTests */ = {
			isa = PBXFileSystemSynchronizedRootGroup;
			path = ChargyMobileApp.iOSTests;
			sourceTree = "<group>";
		};
		060D14EA2E1C7DD000B2A8F2 /* ChargyMobileApp.iOSUITests */ = {
			isa = PBXFileSystemSynchronizedRootGroup;
			path = ChargyMobileApp.iOSUITests;
			sourceTree = "<group>";
		};
/* End PBXFileSystemSynchronizedRootGroup section */

/* Begin PBXFrameworksBuildPhase section */
		060D14CD2E1C7DCF00B2A8F2 /* Frameworks */ = {
			isa = PBXFrameworksBuildPhase;
			buildActionMask = 2147483647;
			files = (
			);
			runOnlyForDeploymentPostprocessing = 0;
		};
		060D14DA2E1C7DD000B2A8F2 /* Frameworks */ = {
			isa = PBXFrameworksBuildPhase;
			buildActionMask = 2147483647;
			files = (
			);
			runOnlyForDeploymentPostprocessing = 0;
		};
		060D14E42E1C7DD000B2A8F2 /* Frameworks */ = {
			isa = PBXFrameworksBuildPhase;
			buildActionMask = 2147483647;
			files = (
			);
			runOnlyForDeploymentPostprocessing = 0;
		};
/* End PBXFrameworksBuildPhase section */

/* Begin PBXGroup section */
		060D14C72E1C7DCF00B2A8F2 = {
			isa = PBXGroup;
			children = (
				060D14D22E1C7DCF00B2A8F2 /* ChargyMobileApp.iOS */,
				060D14E02E1C7DD000B2A8F2 /* ChargyMobileApp.iOSTests */,
				060D14EA2E1C7DD000B2A8F2 /* ChargyMobileApp.iOSUITests */,
				060D14D12E1C7DCF00B2A8F2 /* Products */,
			);
			sourceTree = "<group>";
		};
		060D14D12E1C7DCF00B2A8F2 /* Products */ = {
			isa = PBXGroup;
			children = (
				060D14D02E1C7DCF00B2A8F2 /* ChargyMobileApp.iOS.app */,
				060D14DD2E1C7DD000B2A8F2 /* ChargyMobileApp.iOSTests.xctest */,
				060D14E72E1C7DD000B2A8F2 /* ChargyMobileApp.iOSUITests.xctest */,
			);
			name = Products;
			sourceTree = "<group>";
		};
/* End PBXGroup section */

/* Begin PBXNativeTarget section */
		060D14CF2E1C7DCF00B2A8F2 /* ChargyMobileApp.iOS */ = {
			isa = PBXNativeTarget;
			buildConfigurationList = 060D14F12E1C7DD000B2A8F2 /* Build configuration list for PBXNativeTarget "ChargyMobileApp.iOS" */;
			buildPhases = (
				060D14CC2E1C7DCF00B2A8F2 /* Sources */,
				060D14CD2E1C7DCF00B2A8F2 /* Frameworks */,
				060D14CE2E1C7DCF00B2A8F2 /* Resources */,
			);
			buildRules = (
			);
			dependencies = (
			);
			fileSystemSynchronizedGroups = (
				060D14D22E1C7DCF00B2A8F2 /* ChargyMobileApp.iOS */,
			);
			name = ChargyMobileApp.iOS;
			packageProductDependencies = (
			);
			productName = ChargyMobileApp.iOS;
			productReference = 060D14D02E1C7DCF00B2A8F2 /* ChargyMobileApp.iOS.app */;
			productType = "com.apple.product-type.application";
		};
		060D14DC2E1C7DD000B2A8F2 /* ChargyMobileApp.iOSTests */ = {
			isa = PBXNativeTarget;
			buildConfigurationList = 060D14F42E1C7DD000B2A8F2 /* Build configuration list for PBXNativeTarget "ChargyMobileApp.iOSTests" */;
			buildPhases = (
				060D14D92E1C7DD000B2A8F2 /* Sources */,
				060D14DA2E1C7DD000B2A8F2 /* Frameworks */,
				060D14DB2E1C7DD000B2A8F2 /* Resources */,
			);
			buildRules = (
			);
			dependencies = (
				060D14DF2E1C7DD000B2A8F2 /* PBXTargetDependency */,
			);
			fileSystemSynchronizedGroups = (
				060D14E02E1C7DD000B2A8F2 /* ChargyMobileApp.iOSTests */,
			);
			name = ChargyMobileApp.iOSTests;
			packageProductDependencies = (
			);
			productName = ChargyMobileApp.iOSTests;
			productReference = 060D14DD2E1C7DD000B2A8F2 /* ChargyMobileApp.iOSTests.xctest */;
			productType = "com.apple.product-type.bundle.unit-test";
		};
		060D14E62E1C7DD000B2A8F2 /* ChargyMobileApp.iOSUITests */ = {
			isa = PBXNativeTarget;
			buildConfigurationList = 060D14F72E1C7DD000B2A8F2 /* Build configuration list for PBXNativeTarget "ChargyMobileApp.iOSUITests" */;
			buildPhases = (
				060D14E32E1C7DD000B2A8F2 /* Sources */,
				060D14E42E1C7DD000B2A8F2 /* Frameworks */,
				060D14E52E1C7DD000B2A8F2 /* Resources */,
			);
			buildRules = (
			);
			dependencies = (
				060D14E92E1C7DD000B2A8F2 /* PBXTargetDependency */,
			);
			fileSystemSynchronizedGroups = (
				060D14EA2E1C7DD000B2A8F2 /* ChargyMobileApp.iOSUITests */,
			);
			name = ChargyMobileApp.iOSUITests;
			packageProductDependencies = (
			);
			productName = ChargyMobileApp.iOSUITests;
			productReference = 060D14E72E1C7DD000B2A8F2 /* ChargyMobileApp.iOSUITests.xctest */;
			productType = "com.apple.product-type.bundle.ui-testing";
		};
/* End PBXNativeTarget section */

/* Begin PBXProject section */
		060D14C82E1C7DCF00B2A8F2 /* Project object */ = {
			isa = PBXProject;
			attributes = {
				BuildIndependentTargetsInParallel = 1;
				LastSwiftUpdateCheck = 1640;
				LastUpgradeCheck = 1640;
				TargetAttributes = {
					060D14CF2E1C7DCF00B2A8F2 = {
						CreatedOnToolsVersion = 16.4;
					};
					060D14DC2E1C7DD000B2A8F2 = {
						CreatedOnToolsVersion = 16.4;
						TestTargetID = 060D14CF2E1C7DCF00B2A8F2;
					};
					060D14E62E1C7DD000B2A8F2 = {
						CreatedOnToolsVersion = 16.4;
						TestTargetID = 060D14CF2E1C7DCF00B2A8F2;
					};
				};
			};
			buildConfigurationList = 060D14CB2E1C7DCF00B2A8F2 /* Build configuration list for PBXProject "ChargyMobileApp.iOS" */;
			developmentRegion = en;
			hasScannedForEncodings = 0;
			knownRegions = (
				en,
				Base,
			);
			mainGroup = 060D14C72E1C7DCF00B2A8F2;
			minimizedProjectReferenceProxies = 1;
			preferredProjectObjectVersion = 77;
			productRefGroup = 060D14D12E1C7DCF00B2A8F2 /* Products */;
			projectDirPath = "";
			projectRoot = "";
			targets = (
				060D14CF2E1C7DCF00B2A8F2 /* ChargyMobileApp.iOS */,
				060D14DC2E1C7DD000B2A8F2 /* ChargyMobileApp.iOSTests */,
				060D14E62E1C7DD000B2A8F2 /* ChargyMobileApp.iOSUITests */,
			);
		};
/* End PBXProject section */

/* Begin PBXResourcesBuildPhase section */
		060D14CE2E1C7DCF00B2A8F2 /* Resources */ = {
			isa = PBXResourcesBuildPhase;
			buildActionMask = 2147483647;
			files = (
			);
			runOnlyForDeploymentPostprocessing = 0;
		};
		060D14DB2E1C7DD000B2A8F2 /* Resources */ = {
			isa = PBXResourcesBuildPhase;
			buildActionMask = 2147483647;
			files = (
			);
			runOnlyForDeploymentPostprocessing = 0;
		};
		060D14E52E1C7DD000B2A8F2 /* Resources */ = {
			isa = PBXResourcesBuildPhase;
			buildActionMask = 2147483647;
			files = (
			);
			runOnlyForDeploymentPostprocessing = 0;
		};
/* End PBXResourcesBuildPhase section */

/* Begin PBXSourcesBuildPhase section */
		060D14CC2E1C7DCF00B2A8F2 /* Sources */ = {
			isa = PBXSourcesBuildPhase;
			buildActionMask = 2147483647;
			files = (
			);
			runOnlyForDeploymentPostprocessing = 0;
		};
		060D14D92E1C7DD000B2A8F2 /* Sources */ = {
			isa = PBXSourcesBuildPhase;
			buildActionMask = 2147483647;
			files = (
			);
			runOnlyForDeploymentPostprocessing = 0;
		};
		060D14E32E1C7DD000B2A8F2 /* Sources */ = {
			isa = PBXSourcesBuildPhase;
			buildActionMask = 2147483647;
			files = (
			);
			runOnlyForDeploymentPostprocessing = 0;
		};
/* End PBXSourcesBuildPhase section */

/* Begin PBXTargetDependency section */
		060D14DF2E1C7DD000B2A8F2 /* PBXTargetDependency */ = {
			isa = PBXTargetDependency;
			target = 060D14CF2E1C7DCF00B2A8F2 /* ChargyMobileApp.iOS */;
			targetProxy = 060D14DE2E1C7DD000B2A8F2 /* PBXContainerItemProxy */;
		};
		060D14E92E1C7DD000B2A8F2 /* PBXTargetDependency */ = {
			isa = PBXTargetDependency;
			target = 060D14CF2E1C7DCF00B2A8F2 /* ChargyMobileApp.iOS */;
			targetProxy = 060D14E82E1C7DD000B2A8F2 /* PBXContainerItemProxy */;
		};
/* End PBXTargetDependency section */

/* Begin XCBuildConfiguration section */
		060D14EF2E1C7DD000B2A8F2 /* Debug */ = {
			isa = XCBuildConfiguration;
			buildSettings = {
				ALWAYS_SEARCH_USER_PATHS = NO;
				ASSETCATALOG_COMPILER_GENERATE_SWIFT_ASSET_SYMBOL_EXTENSIONS = YES;
				CLANG_ANALYZER_NONNULL = YES;
				CLANG_ANALYZER_NUMBER_OBJECT_CONVERSION = YES_AGGRESSIVE;
				CLANG_CXX_LANGUAGE_STANDARD = "gnu++20";
				CLANG_ENABLE_MODULES = YES;
				CLANG_ENABLE_OBJC_ARC = YES;
				CLANG_ENABLE_OBJC_WEAK = YES;
				CLANG_WARN_BLOCK_CAPTURE_AUTORELEASING = YES;
				CLANG_WARN_BOOL_CONVERSION = YES;
				CLANG_WARN_COMMA = YES;
				CLANG_WARN_CONSTANT_CONVERSION = YES;
				CLANG_WARN_DEPRECATED_OBJC_IMPLEMENTATIONS = YES;
				CLANG_WARN_DIRECT_OBJC_ISA_USAGE = YES_ERROR;
				CLANG_WARN_DOCUMENTATION_COMMENTS = YES;
				CLANG_WARN_EMPTY_BODY = YES;
				CLANG_WARN_ENUM_CONVERSION = YES;
				CLANG_WARN_INFINITE_RECURSION = YES;
				CLANG_WARN_INT_CONVERSION = YES;
				CLANG_WARN_NON_LITERAL_NULL_CONVERSION = YES;
				CLANG_WARN_OBJC_IMPLICIT_RETAIN_SELF = YES;
				CLANG_WARN_OBJC_LITERAL_CONVERSION = YES;
				CLANG_WARN_OBJC_ROOT_CLASS = YES_ERROR;
				CLANG_WARN_QUOTED_INCLUDE_IN_FRAMEWORK_HEADER = YES;
				CLANG_WARN_RANGE_LOOP_ANALYSIS = YES;
				CLANG_WARN_STRICT_PROTOTYPES = YES;
				CLANG_WARN_SUSPICIOUS_MOVE = YES;
				CLANG_WARN_UNGUARDED_AVAILABILITY = YES_AGGRESSIVE;
				CLANG_WARN_UNREACHABLE_CODE = YES;
				CLANG_WARN__DUPLICATE_METHOD_MATCH = YES;
				COPY_PHASE_STRIP = NO;
				DEBUG_INFORMATION_FORMAT = dwarf;
				DEVELOPMENT_TEAM = Z64XA2TVS9;
				ENABLE_STRICT_OBJC_MSGSEND = YES;
				ENABLE_TESTABILITY = YES;
				ENABLE_USER_SCRIPT_SANDBOXING = YES;
				GCC_C_LANGUAGE_STANDARD = gnu17;
				GCC_DYNAMIC_NO_PIC = NO;
				GCC_NO_COMMON_BLOCKS = YES;
				GCC_OPTIMIZATION_LEVEL = 0;
				GCC_PREPROCESSOR_DEFINITIONS = (
					"DEBUG=1",
					"$(inherited)",
				);
				GCC_WARN_64_TO_32_BIT_CONVERSION = YES;
				GCC_WARN_ABOUT_RETURN_TYPE = YES_ERROR;
				GCC_WARN_UNDECLARED_SELECTOR = YES;
				GCC_WARN_UNINITIALIZED_AUTOS = YES_AGGRESSIVE;
				GCC_WARN_UNUSED_FUNCTION = YES;
				GCC_WARN_UNUSED_VARIABLE = YES;
				IPHONEOS_DEPLOYMENT_TARGET = 18.5;
				LOCALIZATION_PREFERS_STRING_CATALOGS = YES;
				MTL_ENABLE_DEBUG_INFO = INCLUDE_SOURCE;
				MTL_FAST_MATH = YES;
				ONLY_ACTIVE_ARCH = YES;
				SDKROOT = iphoneos;
				SWIFT_ACTIVE_COMPILATION_CONDITIONS = "DEBUG $(inherited)";
				SWIFT_OPTIMIZATION_LEVEL = "-Onone";
			};
			name = Debug;
		};
		060D14F02E1C7DD000B2A8F2 /* Release */ = {
			isa = XCBuildConfiguration;
			buildSettings = {
				ALWAYS_SEARCH_USER_PATHS = NO;
				ASSETCATALOG_COMPILER_GENERATE_SWIFT_ASSET_SYMBOL_EXTENSIONS = YES;
				CLANG_ANALYZER_NONNULL = YES;
				CLANG_ANALYZER_NUMBER_OBJECT_CONVERSION = YES_AGGRESSIVE;
				CLANG_CXX_LANGUAGE_STANDARD = "gnu++20";
				CLANG_ENABLE_MODULES = YES;
				CLANG_ENABLE_OBJC_ARC = YES;
				CLANG_ENABLE_OBJC_WEAK = YES;
				CLANG_WARN_BLOCK_CAPTURE_AUTORELEASING = YES;
				CLANG_WARN_BOOL_CONVERSION = YES;
				CLANG_WARN_COMMA = YES;
				CLANG_WARN_CONSTANT_CONVERSION = YES;
				CLANG_WARN_DEPRECATED_OBJC_IMPLEMENTATIONS = YES;
				CLANG_WARN_DIRECT_OBJC_ISA_USAGE = YES_ERROR;
				CLANG_WARN_DOCUMENTATION_COMMENTS = YES;
				CLANG_WARN_EMPTY_BODY = YES;
				CLANG_WARN_ENUM_CONVERSION = YES;
				CLANG_WARN_INFINITE_RECURSION = YES;
				CLANG_WARN_INT_CONVERSION = YES;
				CLANG_WARN_NON_LITERAL_NULL_CONVERSION = YES;
				CLANG_WARN_OBJC_IMPLICIT_RETAIN_SELF = YES;
				CLANG_WARN_OBJC_LITERAL_CONVERSION = YES;
				CLANG_WARN_OBJC_ROOT_CLASS = YES_ERROR;
				CLANG_WARN_QUOTED_INCLUDE_IN_FRAMEWORK_HEADER = YES;
				CLANG_WARN_RANGE_LOOP_ANALYSIS = YES;
				CLANG_WARN_STRICT_PROTOTYPES = YES;
				CLANG_WARN_SUSPICIOUS_MOVE = YES;
				CLANG_WARN_UNGUARDED_AVAILABILITY = YES_AGGRESSIVE;
				CLANG_WARN_UNREACHABLE_CODE = YES;
				CLANG_WARN__DUPLICATE_METHOD_MATCH = YES;
				COPY_PHASE_STRIP = NO;
				DEBUG_INFORMATION_FORMAT = "dwarf-with-dsym";
				DEVELOPMENT_TEAM = Z64XA2TVS9;
				ENABLE_NS_ASSERTIONS = NO;
				ENABLE_STRICT_OBJC_MSGSEND = YES;
				ENABLE_USER_SCRIPT_SANDBOXING = YES;
				GCC_C_LANGUAGE_STANDARD = gnu17;
				GCC_NO_COMMON_BLOCKS = YES;
				GCC_WARN_64_TO_32_BIT_CONVERSION = YES;
				GCC_WARN_ABOUT_RETURN_TYPE = YES_ERROR;
				GCC_WARN_UNDECLARED_SELECTOR = YES;
				GCC_WARN_UNINITIALIZED_AUTOS = YES_AGGRESSIVE;
				GCC_WARN_UNUSED_FUNCTION = YES;
				GCC_WARN_UNUSED_VARIABLE = YES;
				IPHONEOS_DEPLOYMENT_TARGET = 18.5;
				LOCALIZATION_PREFERS_STRING_CATALOGS = YES;
				MTL_ENABLE_DEBUG_INFO = NO;
				MTL_FAST_MATH = YES;
				SDKROOT = iphoneos;
				SWIFT_COMPILATION_MODE = wholemodule;
				VALIDATE_PRODUCT = YES;
			};
			name = Release;
		};
		060D14F22E1C7DD000B2A8F2 /* Debug */ = {
			isa = XCBuildConfiguration;
			buildSettings = {
				ASSETCATALOG_COMPILER_APPICON_NAME = AppIcon;
				ASSETCATALOG_COMPILER_GLOBAL_ACCENT_COLOR_NAME = AccentColor;
				CODE_SIGN_STYLE = Automatic;
				CURRENT_PROJECT_VERSION = 1;
				DEVELOPMENT_TEAM = Z64XA2TVS9;
				ENABLE_PREVIEWS = YES;
				GENERATE_INFOPLIST_FILE = YES;
				INFOPLIST_KEY_UIApplicationSceneManifest_Generation = YES;
				INFOPLIST_KEY_UIApplicationSupportsIndirectInputEvents = YES;
				INFOPLIST_KEY_UILaunchScreen_Generation = YES;
				INFOPLIST_KEY_UISupportedInterfaceOrientations_iPad = "UIInterfaceOrientationPortrait UIInterfaceOrientationPortraitUpsideDown UIInterfaceOrientationLandscapeLeft UIInterfaceOrientationLandscapeRight";
				INFOPLIST_KEY_UISupportedInterfaceOrientations_iPhone = "UIInterfaceOrientationPortrait UIInterfaceOrientationLandscapeLeft UIInterfaceOrientationLandscapeRight";
				LD_RUNPATH_SEARCH_PATHS = (
					"$(inherited)",
					"@executable_path/Frameworks",
				);
				MARKETING_VERSION = 1.0;
				PRODUCT_BUNDLE_IDENTIFIER = "cloud.charging.open.ChargyMobileApp-iOS";
				PRODUCT_NAME = "$(TARGET_NAME)";
				SWIFT_EMIT_LOC_STRINGS = YES;
				SWIFT_VERSION = 5.0;
				TARGETED_DEVICE_FAMILY = "1,2";
			};
			name = Debug;
		};
		060D14F32E1C7DD000B2A8F2 /* Release */ = {
			isa = XCBuildConfiguration;
			buildSettings = {
				ASSETCATALOG_COMPILER_APPICON_NAME = AppIcon;
				ASSETCATALOG_COMPILER_GLOBAL_ACCENT_COLOR_NAME = AccentColor;
				CODE_SIGN_STYLE = Automatic;
				CURRENT_PROJECT_VERSION = 1;
				DEVELOPMENT_TEAM = Z64XA2TVS9;
				ENABLE_PREVIEWS = YES;
				GENERATE_INFOPLIST_FILE = YES;
				INFOPLIST_KEY_UIApplicationSceneManifest_Generation = YES;
				INFOPLIST_KEY_UIApplicationSupportsIndirectInputEvents = YES;
				INFOPLIST_KEY_UILaunchScreen_Generation = YES;
				INFOPLIST_KEY_UISupportedInterfaceOrientations_iPad = "UIInterfaceOrientationPortrait UIInterfaceOrientationPortraitUpsideDown UIInterfaceOrientationLandscapeLeft UIInterfaceOrientationLandscapeRight";
				INFOPLIST_KEY_UISupportedInterfaceOrientations_iPhone = "UIInterfaceOrientationPortrait UIInterfaceOrientationLandscapeLeft UIInterfaceOrientationLandscapeRight";
				LD_RUNPATH_SEARCH_PATHS = (
					"$(inherited)",
					"@executable_path/Frameworks",
				);
				MARKETING_VERSION = 1.0;
				PRODUCT_BUNDLE_IDENTIFIER = "cloud.charging.open.ChargyMobileApp-iOS";
				PRODUCT_NAME = "$(TARGET_NAME)";
				SWIFT_EMIT_LOC_STRINGS = YES;
				SWIFT_VERSION = 5.0;
				TARGETED_DEVICE_FAMILY = "1,2";
			};
			name = Release;
		};
		060D14F52E1C7DD000B2A8F2 /* Debug */ = {
			isa = XCBuildConfiguration;
			buildSettings = {
				BUNDLE_LOADER = "$(TEST_HOST)";
				CODE_SIGN_STYLE = Automatic;
				CURRENT_PROJECT_VERSION = 1;
				DEVELOPMENT_TEAM = Z64XA2TVS9;
				GENERATE_INFOPLIST_FILE = YES;
				IPHONEOS_DEPLOYMENT_TARGET = 18.5;
				MARKETING_VERSION = 1.0;
				PRODUCT_BUNDLE_IDENTIFIER = "cloud.charging.open.ChargyMobileApp-iOSTests";
				PRODUCT_NAME = "$(TARGET_NAME)";
				SWIFT_EMIT_LOC_STRINGS = NO;
				SWIFT_VERSION = 5.0;
				TARGETED_DEVICE_FAMILY = "1,2";
				TEST_HOST = "$(BUILT_PRODUCTS_DIR)/ChargyMobileApp.iOS.app/$(BUNDLE_EXECUTABLE_FOLDER_PATH)/ChargyMobileApp.iOS";
			};
			name = Debug;
		};
		060D14F62E1C7DD000B2A8F2 /* Release */ = {
			isa = XCBuildConfiguration;
			buildSettings = {
				BUNDLE_LOADER = "$(TEST_HOST)";
				CODE_SIGN_STYLE = Automatic;
				CURRENT_PROJECT_VERSION = 1;
				DEVELOPMENT_TEAM = Z64XA2TVS9;
				GENERATE_INFOPLIST_FILE = YES;
				IPHONEOS_DEPLOYMENT_TARGET = 18.5;
				MARKETING_VERSION = 1.0;
				PRODUCT_BUNDLE_IDENTIFIER = "cloud.charging.open.ChargyMobileApp-iOSTests";
				PRODUCT_NAME = "$(TARGET_NAME)";
				SWIFT_EMIT_LOC_STRINGS = NO;
				SWIFT_VERSION = 5.0;
				TARGETED_DEVICE_FAMILY = "1,2";
				TEST_HOST = "$(BUILT_PRODUCTS_DIR)/ChargyMobileApp.iOS.app/$(BUNDLE_EXECUTABLE_FOLDER_PATH)/ChargyMobileApp.iOS";
			};
			name = Release;
		};
		060D14F82E1C7DD000B2A8F2 /* Debug */ = {
			isa = XCBuildConfiguration;
			buildSettings = {
				CODE_SIGN_STYLE = Automatic;
				CURRENT_PROJECT_VERSION = 1;
				DEVELOPMENT_TEAM = Z64XA2TVS9;
				GENERATE_INFOPLIST_FILE = YES;
				MARKETING_VERSION = 1.0;
				PRODUCT_BUNDLE_IDENTIFIER = "cloud.charging.open.ChargyMobileApp-iOSUITests";
				PRODUCT_NAME = "$(TARGET_NAME)";
				SWIFT_EMIT_LOC_STRINGS = NO;
				SWIFT_VERSION = 5.0;
				TARGETED_DEVICE_FAMILY = "1,2";
				TEST_TARGET_NAME = ChargyMobileApp.iOS;
			};
			name = Debug;
		};
		060D14F92E1C7DD000B2A8F2 /* Release */ = {
			isa = XCBuildConfiguration;
			buildSettings = {
				CODE_SIGN_STYLE = Automatic;
				CURRENT_PROJECT_VERSION = 1;
				DEVELOPMENT_TEAM = Z64XA2TVS9;
				GENERATE_INFOPLIST_FILE = YES;
				MARKETING_VERSION = 1.0;
				PRODUCT_BUNDLE_IDENTIFIER = "cloud.charging.open.ChargyMobileApp-iOSUITests";
				PRODUCT_NAME = "$(TARGET_NAME)";
				SWIFT_EMIT_LOC_STRINGS = NO;
				SWIFT_VERSION = 5.0;
				TARGETED_DEVICE_FAMILY = "1,2";
				TEST_TARGET_NAME = ChargyMobileApp.iOS;
			};
			name = Release;
		};
/* End XCBuildConfiguration section */

/* Begin XCConfigurationList section */
		060D14CB2E1C7DCF00B2A8F2 /* Build configuration list for PBXProject "ChargyMobileApp.iOS" */ = {
			isa = XCConfigurationList;
			buildConfigurations = (
				060D14EF2E1C7DD000B2A8F2 /* Debug */,
				060D14F02E1C7DD000B2A8F2 /* Release */,
			);
			defaultConfigurationIsVisible = 0;
			defaultConfigurationName = Release;
		};
		060D14F12E1C7DD000B2A8F2 /* Build configuration list for PBXNativeTarget "ChargyMobileApp.iOS" */ = {
			isa = XCConfigurationList;
			buildConfigurations = (
				060D14F22E1C7DD000B2A8F2 /* Debug */,
				060D14F32E1C7DD000B2A8F2 /* Release */,
			);
			defaultConfigurationIsVisible = 0;
			defaultConfigurationName = Release;
		};
		060D14F42E1C7DD000B2A8F2 /* Build configuration list for PBXNativeTarget "ChargyMobileApp.iOSTests" */ = {
			isa = XCConfigurationList;
			buildConfigurations = (
				060D14F52E1C7DD000B2A8F2 /* Debug */,
				060D14F62E1C7DD000B2A8F2 /* Release */,
			);
			defaultConfigurationIsVisible = 0;
			defaultConfigurationName = Release;
		};
		060D14F72E1C7DD000B2A8F2 /* Build configuration list for PBXNativeTarget "ChargyMobileApp.iOSUITests" */ = {
			isa = XCConfigurationList;
			buildConfigurations = (
				060D14F82E1C7DD000B2A8F2 /* Debug */,
				060D14F92E1C7DD000B2A8F2 /* Release */,
			);
			defaultConfigurationIsVisible = 0;
			defaultConfigurationName = Release;
		};
/* End XCConfigurationList section */
	};
	rootObject = 060D14C82E1C7DCF00B2A8F2 /* Project object */;
}
